
Microsoft Visual Studio Solution File, Format Version 12.00
# Visual Studio Version 17
VisualStudioVersion = 17.0.31912.275
MinimumVisualStudioVersion = 10.0.40219.1
Project("{FAE04EC0-301F-11D3-BF4B-00C04F79EFBC}") = "ExerciciosVixTeam", "ExerciciosVixTeam\ExerciciosVixTeam.csproj", "{7F3F96F0-1EEF-4870-AE8B-62F3040683FD}"
EndProject
Global
	GlobalSection(SolutionConfigurationPlatforms) = preSolution
		Debug|Any CPU = Debug|Any CPU
		Release|Any CPU = Release|Any CPU
	EndGlobalSection
	GlobalSection(ProjectConfigurationPlatforms) = postSolution
		{7F3F96F0-1EEF-4870-AE8B-62F3040683FD}.Debug|Any CPU.ActiveCfg = Debug|Any CPU
		{7F3F96F0-1EEF-4870-AE8B-62F3040683FD}.Debug|Any CPU.Build.0 = Debug|Any CPU
		{7F3F96F0-1EEF-4870-AE8B-62F3040683FD}.Release|Any CPU.ActiveCfg = Release|Any CPU
		{7F3F96F0-1EEF-4870-AE8B-62F3040683FD}.Release|Any CPU.Build.0 = Release|Any CPU
	EndGlobalSection
	GlobalSection(SolutionProperties) = preSolution
		HideSolutionNode = FALSE
	EndGlobalSection
	GlobalSection(ExtensibilityGlobals) = postSolution
		SolutionGuid = {621BA414-175B-427A-A444-493B90FD1C63}
	EndGlobalSection
EndGlobal
